
Microsoft Visual Studio Solution File, Format Version 11.00
# Visual C# Express 2010
Project("{FAE04EC0-301F-11D3-BF4B-00C04F79EFBC}") = "HomeCharacteristic", "HomeCharacteristic\HomeCharacteristic.csproj", "{3AE33BE7-5350-46BA-8091-A73311C80C52}"
EndProject
Global
	GlobalSection(SolutionConfigurationPlatforms) = preSolution
		Debug|x86 = Debug|x86
		Release|x86 = Release|x86
	EndGlobalSection
	GlobalSection(ProjectConfigurationPlatforms) = postSolution
		{3AE33BE7-5350-46BA-8091-A73311C80C52}.Debug|x86.ActiveCfg = Debug|x86
		{3AE33BE7-5350-46BA-8091-A73311C80C52}.Debug|x86.Build.0 = Debug|x86
		{3AE33BE7-5350-46BA-8091-A73311C80C52}.Release|x86.ActiveCfg = Release|x86
		{3AE33BE7-5350-46BA-8091-A73311C80C52}.Release|x86.Build.0 = Release|x86
	EndGlobalSection
	GlobalSection(SolutionProperties) = preSolution
		HideSolutionNode = FALSE
	EndGlobalSection
EndGlobal
