
Microsoft Visual Studio Solution File, Format Version 12.00
# Visual Studio 2013
VisualStudioVersion = 12.0.21005.1
MinimumVisualStudioVersion = 10.0.40219.1
Project("{FAE04EC0-301F-11D3-BF4B-00C04F79EFBC}") = "Quest", "Quest\Quest.csproj", "{CD794482-0A22-485B-8A9E-968A24B6958B}"
EndProject
Global
	GlobalSection(SolutionConfigurationPlatforms) = preSolution
		Debug|Any CPU = Debug|Any CPU
		Release|Any CPU = Release|Any CPU
	EndGlobalSection
	GlobalSection(ProjectConfigurationPlatforms) = postSolution
		{CD794482-0A22-485B-8A9E-968A24B6958B}.Debug|Any CPU.ActiveCfg = Debug|Any CPU
		{CD794482-0A22-485B-8A9E-968A24B6958B}.Debug|Any CPU.Build.0 = Debug|Any CPU
		{CD794482-0A22-485B-8A9E-968A24B6958B}.Release|Any CPU.ActiveCfg = Release|Any CPU
		{CD794482-0A22-485B-8A9E-968A24B6958B}.Release|Any CPU.Build.0 = Release|Any CPU
	EndGlobalSection
	GlobalSection(SolutionProperties) = preSolution
		HideSolutionNode = FALSE
	EndGlobalSection
EndGlobal
